{
  "name": "@lattln/editorjs-formdep-utils",
  "version": "1.0.0",
  "lockfileVersion": 3,
  "requires": true,
  "packages": {
    "": {
      "name": "@lattln/editorjs-formdep-utils",
      "version": "1.0.0",
      "license": "MIT",
      "dependencies": {
        "@lattln/editorjs-formdep-svgicons": "^1.0.3"
      }
    },
    "node_modules/@lattln/editorjs-formdep-svgicons": {
      "version": "1.0.3",
      "resolved": "https://registry.npmjs.org/@lattln/editorjs-formdep-svgicons/-/editorjs-formdep-svgicons-1.0.3.tgz",
      "integrity": "sha512-Qo4Ky6BNfNcz8eH/L5J3XHvi6FdMRza7am/pkmT6AAIpXpfKpCKa0ofm1Ucp7OhinJOMCVUZ91mNKfE7Y9xSRw=="
    }
  }
}
